
Microsoft Visual Studio Solution File, Format Version 12.00
# Visual Studio Version 17
VisualStudioVersion = 17.0.31912.275
MinimumVisualStudioVersion = 10.0.40219.1
Project("{8BC9CEB8-8B4A-11D0-8D11-00A0C91BC942}") = "211130_a", "211130_a\211130_a.vcxproj", "{A95E5D12-FC0A-450F-B2D6-A4795511D031}"
EndProject
Project("{8BC9CEB8-8B4A-11D0-8D11-00A0C91BC942}") = "211130_b", "..\211130_ b\211130_ b.vcxproj", "{338A4027-5D4C-43DA-9038-2292A7263D90}"
EndProject
Global
	GlobalSection(SolutionConfigurationPlatforms) = preSolution
		Debug|x64 = Debug|x64
		Debug|x86 = Debug|x86
		Release|x64 = Release|x64
		Release|x86 = Release|x86
	EndGlobalSection
	GlobalSection(ProjectConfigurationPlatforms) = postSolution
		{A95E5D12-FC0A-450F-B2D6-A4795511D031}.Debug|x64.ActiveCfg = Debug|x64
		{A95E5D12-FC0A-450F-B2D6-A4795511D031}.Debug|x64.Build.0 = Debug|x64
		{A95E5D12-FC0A-450F-B2D6-A4795511D031}.Debug|x86.ActiveCfg = Debug|Win32
		{A95E5D12-FC0A-450F-B2D6-A4795511D031}.Debug|x86.Build.0 = Debug|Win32
		{A95E5D12-FC0A-450F-B2D6-A4795511D031}.Release|x64.ActiveCfg = Release|x64
		{A95E5D12-FC0A-450F-B2D6-A4795511D031}.Release|x64.Build.0 = Release|x64
		{A95E5D12-FC0A-450F-B2D6-A4795511D031}.Release|x86.ActiveCfg = Release|Win32
		{A95E5D12-FC0A-450F-B2D6-A4795511D031}.Release|x86.Build.0 = Release|Win32
		{338A4027-5D4C-43DA-9038-2292A7263D90}.Debug|x64.ActiveCfg = Debug|x64
		{338A4027-5D4C-43DA-9038-2292A7263D90}.Debug|x64.Build.0 = Debug|x64
		{338A4027-5D4C-43DA-9038-2292A7263D90}.Debug|x86.ActiveCfg = Debug|Win32
		{338A4027-5D4C-43DA-9038-2292A7263D90}.Debug|x86.Build.0 = Debug|Win32
		{338A4027-5D4C-43DA-9038-2292A7263D90}.Release|x64.ActiveCfg = Release|x64
		{338A4027-5D4C-43DA-9038-2292A7263D90}.Release|x64.Build.0 = Release|x64
		{338A4027-5D4C-43DA-9038-2292A7263D90}.Release|x86.ActiveCfg = Release|Win32
		{338A4027-5D4C-43DA-9038-2292A7263D90}.Release|x86.Build.0 = Release|Win32
	EndGlobalSection
	GlobalSection(SolutionProperties) = preSolution
		HideSolutionNode = FALSE
	EndGlobalSection
	GlobalSection(ExtensibilityGlobals) = postSolution
		SolutionGuid = {2F7E7082-B379-4E22-BC98-BACFFE56E79E}
	EndGlobalSection
EndGlobal
